// !$*UTF8*$!
{
	archiveVersion = 1;
	classes = {
	};
	objectVersion = 46;
	objects = {

/* Begin PBXBuildFile section */
		A89361B61BC5B56C000D5217 /* main.m in Sources */ = {isa = PBXBuildFile; fileRef = A89361B51BC5B56C000D5217 /* main.m */; };
		A89361B91BC5B56C000D5217 /* AppDelegate.m in Sources */ = {isa = PBXBuildFile; fileRef = A89361B81BC5B56C000D5217 /* AppDelegate.m */; };
		A89361BC1BC5B56C000D5217 /* ViewController.m in Sources */ = {isa = PBXBuildFile; fileRef = A89361BB1BC5B56C000D5217 /* ViewController.m */; };
		A89361BF1BC5B56C000D5217 /* Main.storyboard in Resources */ = {isa = PBXBuildFile; fileRef = A89361BD1BC5B56C000D5217 /* Main.storyboard */; };
		A89361C11BC5B56C000D5217 /* Assets.xcassets in Resources */ = {isa = PBXBuildFile; fileRef = A89361C01BC5B56C000D5217 /* Assets.xcassets */; };
		A89361C41BC5B56C000D5217 /* LaunchScreen.storyboard in Resources */ = {isa = PBXBuildFile; fileRef = A89361C21BC5B56C000D5217 /* LaunchScreen.storyboard */; };
		A89361CF1BC5B56C000D5217 /* HallOfFramesUITests.m in Sources */ = {isa = PBXBuildFile; fileRef = A89361CE1BC5B56C000D5217 /* HallOfFramesUITests.m */; };
/* End PBXBuildFile section */

/* Begin PBXContainerItemProxy section */
		A89361CB1BC5B56C000D5217 /* PBXContainerItemProxy */ = {
			isa = PBXContainerItemProxy;
			containerPortal = A89361A91BC5B56C000D5217 /* Project object */;
			proxyType = 1;
			remoteGlobalIDString = A89361B01BC5B56C000D5217;
			remoteInfo = HallOfFrames;
		};
/* End PBXContainerItemProxy section */

/* Begin PBXFileReference section */
		A89361B11BC5B56C000D5217 /* HallOfFrames.app */ = {isa = PBXFileReference; explicitFileType = wrapper.application; includeInIndex = 0; path = HallOfFrames.app; sourceTree = BUILT_PRODUCTS_DIR; };
		A89361B51BC5B56C000D5217 /* main.m */ = {isa = PBXFileReference; lastKnownFileType = sourcecode.c.objc; path = main.m; sourceTree = "<group>"; };
		A89361B71BC5B56C000D5217 /* AppDelegate.h */ = {isa = PBXFileReference; lastKnownFileType = sourcecode.c.h; path = AppDelegate.h; sourceTree = "<group>"; };
		A89361B81BC5B56C000D5217 /* AppDelegate.m */ = {isa = PBXFileReference; lastKnownFileType = sourcecode.c.objc; path = AppDelegate.m; sourceTree = "<group>"; };
		A89361BA1BC5B56C000D5217 /* ViewController.h */ = {isa = PBXFileReference; lastKnownFileType = sourcecode.c.h; path = ViewController.h; sourceTree = "<group>"; };
		A89361BB1BC5B56C000D5217 /* ViewController.m */ = {isa = PBXFileReference; lastKnownFileType = sourcecode.c.objc; path = ViewController.m; sourceTree = "<group>"; };
		A89361BE1BC5B56C000D5217 /* Base */ = {isa = PBXFileReference; lastKnownFileType = file.storyboard; name = Base; path = Base.lproj/Main.storyboard; sourceTree = "<group>"; };
		A89361C01BC5B56C000D5217 /* Assets.xcassets */ = {isa = PBXFileReference; lastKnownFileType = folder.assetcatalog; path = Assets.xcassets; sourceTree = "<group>"; };
		A89361C31BC5B56C000D5217 /* Base */ = {isa = PBXFileReference; lastKnownFileType = file.storyboard; name = Base; path = Base.lproj/LaunchScreen.storyboard; sourceTree = "<group>"; };
		A89361C51BC5B56C000D5217 /* Info.plist */ = {isa = PBXFileReference; lastKnownFileType = text.plist.xml; path = Info.plist; sourceTree = "<group>"; };
		A89361CA1BC5B56C000D5217 /* HallOfFramesUITests.xctest */ = {isa = PBXFileReference; explicitFileType = wrapper.cfbundle; includeInIndex = 0; path = HallOfFramesUITests.xctest; sourceTree = BUILT_PRODUCTS_DIR; };
		A89361CE1BC5B56C000D5217 /* HallOfFramesUITests.m */ = {isa = PBXFileReference; lastKnownFileType = sourcecode.c.objc; path = HallOfFramesUITests.m; sourceTree = "<group>"; };
		A89361D01BC5B56C000D5217 /* Info.plist */ = {isa = PBXFileReference; lastKnownFileType = text.plist.xml; path = Info.plist; sourceTree = "<group>"; };
/* End PBXFileReference section */

/* Begin PBXFrameworksBuildPhase section */
		A89361AE1BC5B56C000D5217 /* Frameworks */ = {
			isa = PBXFrameworksBuildPhase;
			buildActionMask = 2147483647;
			files = (
			);
			runOnlyForDeploymentPostprocessing = 0;
		};
		A89361C71BC5B56C000D5217 /* Frameworks */ = {
			isa = PBXFrameworksBuildPhase;
			buildActionMask = 2147483647;
			files = (
			);
			runOnlyForDeploymentPostprocessing = 0;
		};
/* End PBXFrameworksBuildPhase section */

/* Begin PBXGroup section */
		A89361A81BC5B56C000D5217 = {
			isa = PBXGroup;
			children = (
				A89361B31BC5B56C000D5217 /* HallOfFrames */,
				A89361CD1BC5B56C000D5217 /* HallOfFramesUITests */,
				A89361B21BC5B56C000D5217 /* Products */,
			);
			sourceTree = "<group>";
		};
		A89361B21BC5B56C000D5217 /* Products */ = {
			isa = PBXGroup;
			children = (
				A89361B11BC5B56C000D5217 /* HallOfFrames.app */,
				A89361CA1BC5B56C000D5217 /* HallOfFramesUITests.xctest */,
			);
			name = Products;
			sourceTree = "<group>";
		};
		A89361B31BC5B56C000D5217 /* HallOfFrames */ = {
			isa = PBXGroup;
			children = (
				A89361B71BC5B56C000D5217 /* AppDelegate.h */,
				A89361B81BC5B56C000D5217 /* AppDelegate.m */,
				A89361BA1BC5B56C000D5217 /* ViewController.h */,
				A89361BB1BC5B56C000D5217 /* ViewController.m */,
				A89361BD1BC5B56C000D5217 /* Main.storyboard */,
				A89361C01BC5B56C000D5217 /* Assets.xcassets */,
				A89361C21BC5B56C000D5217 /* LaunchScreen.storyboard */,
				A89361C51BC5B56C000D5217 /* Info.plist */,
				A89361B41BC5B56C000D5217 /* Supporting Files */,
			);
			path = HallOfFrames;
			sourceTree = "<group>";
		};
		A89361B41BC5B56C000D5217 /* Supporting Files */ = {
			isa = PBXGroup;
			children = (
				A89361B51BC5B56C000D5217 /* main.m */,
			);
			name = "Supporting Files";
			sourceTree = "<group>";
		};
		A89361CD1BC5B56C000D5217 /* HallOfFramesUITests */ = {
			isa = PBXGroup;
			children = (
				A89361CE1BC5B56C000D5217 /* HallOfFramesUITests.m */,
				A89361D01BC5B56C000D5217 /* Info.plist */,
			);
			path = HallOfFramesUITests;
			sourceTree = "<group>";
		};
/* End PBXGroup section */

/* Begin PBXNativeTarget section */
		A89361B01BC5B56C000D5217 /* HallOfFrames */ = {
			isa = PBXNativeTarget;
			buildConfigurationList = A89361D31BC5B56C000D5217 /* Build configuration list for PBXNativeTarget "HallOfFrames" */;
			buildPhases = (
				A89361AD1BC5B56C000D5217 /* Sources */,
				A89361AE1BC5B56C000D5217 /* Frameworks */,
				A89361AF1BC5B56C000D5217 /* Resources */,
			);
			buildRules = (
			);
			dependencies = (
			);
			name = HallOfFrames;
			productName = HallOfFrames;
			productReference = A89361B11BC5B56C000D5217 /* HallOfFrames.app */;
			productType = "com.apple.product-type.application";
		};
		A89361C91BC5B56C000D5217 /* HallOfFramesUITests */ = {
			isa = PBXNativeTarget;
			buildConfigurationList = A89361D61BC5B56C000D5217 /* Build configuration list for PBXNativeTarget "HallOfFramesUITests" */;
			buildPhases = (
				A89361C61BC5B56C000D5217 /* Sources */,
				A89361C71BC5B56C000D5217 /* Frameworks */,
				A89361C81BC5B56C000D5217 /* Resources */,
			);
			buildRules = (
			);
			dependencies = (
				A89361CC1BC5B56C000D5217 /* PBXTargetDependency */,
			);
			name = HallOfFramesUITests;
			productName = HallOfFramesUITests;
			productReference = A89361CA1BC5B56C000D5217 /* HallOfFramesUITests.xctest */;
			productType = "com.apple.product-type.bundle.ui-testing";
		};
/* End PBXNativeTarget section */

/* Begin PBXProject section */
		A89361A91BC5B56C000D5217 /* Project object */ = {
			isa = PBXProject;
			attributes = {
				LastUpgradeCheck = 0700;
				ORGANIZATIONNAME = "Matt Deuschle";
				TargetAttributes = {
					A89361B01BC5B56C000D5217 = {
						CreatedOnToolsVersion = 7.0.1;
					};
					A89361C91BC5B56C000D5217 = {
						CreatedOnToolsVersion = 7.0.1;
						TestTargetID = A89361B01BC5B56C000D5217;
					};
				};
			};
			buildConfigurationList = A89361AC1BC5B56C000D5217 /* Build configuration list for PBXProject "HallOfFrames" */;
			compatibilityVersion = "Xcode 3.2";
			developmentRegion = English;
			hasScannedForEncodings = 0;
			knownRegions = (
				en,
				Base,
			);
			mainGroup = A89361A81BC5B56C000D5217;
			productRefGroup = A89361B21BC5B56C000D5217 /* Products */;
			projectDirPath = "";
			projectRoot = "";
			targets = (
				A89361B01BC5B56C000D5217 /* HallOfFrames */,
				A89361C91BC5B56C000D5217 /* HallOfFramesUITests */,
			);
		};
/* End PBXProject section */

/* Begin PBXResourcesBuildPhase section */
		A89361AF1BC5B56C000D5217 /* Resources */ = {
			isa = PBXResourcesBuildPhase;
			buildActionMask = 2147483647;
			files = (
				A89361C41BC5B56C000D5217 /* LaunchScreen.storyboard in Resources */,
				A89361C11BC5B56C000D5217 /* Assets.xcassets in Resources */,
				A89361BF1BC5B56C000D5217 /* Main.storyboard in Resources */,
			);
			runOnlyForDeploymentPostprocessing = 0;
		};
		A89361C81BC5B56C000D5217 /* Resources */ = {
			isa = PBXResourcesBuildPhase;
			buildActionMask = 2147483647;
			files = (
			);
			runOnlyForDeploymentPostprocessing = 0;
		};
/* End PBXResourcesBuildPhase section */

/* Begin PBXSourcesBuildPhase section */
		A89361AD1BC5B56C000D5217 /* Sources */ = {
			isa = PBXSourcesBuildPhase;
			buildActionMask = 2147483647;
			files = (
				A89361BC1BC5B56C000D5217 /* ViewController.m in Sources */,
				A89361B91BC5B56C000D5217 /* AppDelegate.m in Sources */,
				A89361B61BC5B56C000D5217 /* main.m in Sources */,
			);
			runOnlyForDeploymentPostprocessing = 0;
		};
		A89361C61BC5B56C000D5217 /* Sources */ = {
			isa = PBXSourcesBuildPhase;
			buildActionMask = 2147483647;
			files = (
				A89361CF1BC5B56C000D5217 /* HallOfFramesUITests.m in Sources */,
			);
			runOnlyForDeploymentPostprocessing = 0;
		};
/* End PBXSourcesBuildPhase section */

/* Begin PBXTargetDependency section */
		A89361CC1BC5B56C000D5217 /* PBXTargetDependency */ = {
			isa = PBXTargetDependency;
			target = A89361B01BC5B56C000D5217 /* HallOfFrames */;
			targetProxy = A89361CB1BC5B56C000D5217 /* PBXContainerItemProxy */;
		};
/* End PBXTargetDependency section */

/* Begin PBXVariantGroup section */
		A89361BD1BC5B56C000D5217 /* Main.storyboard */ = {
			isa = PBXVariantGroup;
			children = (
				A89361BE1BC5B56C000D5217 /* Base */,
			);
			name = Main.storyboard;
			sourceTree = "<group>";
		};
		A89361C21BC5B56C000D5217 /* LaunchScreen.storyboard */ = {
			isa = PBXVariantGroup;
			children = (
				A89361C31BC5B56C000D5217 /* Base */,
			);
			name = LaunchScreen.storyboard;
			sourceTree = "<group>";
		};
/* End PBXVariantGroup section */

/* Begin XCBuildConfiguration section */
		A89361D11BC5B56C000D5217 /* Debug */ = {
			isa = XCBuildConfiguration;
			buildSettings = {
				ALWAYS_SEARCH_USER_PATHS = NO;
				CLANG_CXX_LANGUAGE_STANDARD = "gnu++0x";
				CLANG_CXX_LIBRARY = "libc++";
				CLANG_ENABLE_MODULES = YES;
				CLANG_ENABLE_OBJC_ARC = YES;
				CLANG_WARN_BOOL_CONVERSION = YES;
				CLANG_WARN_CONSTANT_CONVERSION = YES;
				CLANG_WARN_DIRECT_OBJC_ISA_USAGE = YES_ERROR;
				CLANG_WARN_EMPTY_BODY = YES;
				CLANG_WARN_ENUM_CONVERSION = YES;
				CLANG_WARN_INT_CONVERSION = YES;
				CLANG_WARN_OBJC_ROOT_CLASS = YES_ERROR;
				CLANG_WARN_UNREACHABLE_CODE = YES;
				CLANG_WARN__DUPLICATE_METHOD_MATCH = YES;
				"CODE_SIGN_IDENTITY[sdk=iphoneos*]" = "iPhone Developer";
				COPY_PHASE_STRIP = NO;
				DEBUG_INFORMATION_FORMAT = dwarf;
				ENABLE_STRICT_OBJC_MSGSEND = YES;
				ENABLE_TESTABILITY = YES;
				GCC_C_LANGUAGE_STANDARD = gnu99;
				GCC_DYNAMIC_NO_PIC = NO;
				GCC_NO_COMMON_BLOCKS = YES;
				GCC_OPTIMIZATION_LEVEL = 0;
				GCC_PREPROCESSOR_DEFINITIONS = (
					"DEBUG=1",
					"$(inherited)",
				);
				GCC_WARN_64_TO_32_BIT_CONVERSION = YES;
				GCC_WARN_ABOUT_RETURN_TYPE = YES_ERROR;
				GCC_WARN_UNDECLARED_SELECTOR = YES;
				GCC_WARN_UNINITIALIZED_AUTOS = YES_AGGRESSIVE;
				GCC_WARN_UNUSED_FUNCTION = YES;
				GCC_WARN_UNUSED_VARIABLE = YES;
				IPHONEOS_DEPLOYMENT_TARGET = 9.0;
				MTL_ENABLE_DEBUG_INFO = YES;
				ONLY_ACTIVE_ARCH = YES;
				SDKROOT = iphoneos;
			};
			name = Debug;
		};
		A89361D21BC5B56C000D5217 /* Release */ = {
			isa = XCBuildConfiguration;
			buildSettings = {
				ALWAYS_SEARCH_USER_PATHS = NO;
				CLANG_CXX_LANGUAGE_STANDARD = "gnu++0x";
				CLANG_CXX_LIBRARY = "libc++";
				CLANG_ENABLE_MODULES = YES;
				CLANG_ENABLE_OBJC_ARC = YES;
				CLANG_WARN_BOOL_CONVERSION = YES;
				CLANG_WARN_CONSTANT_CONVERSION = YES;
				CLANG_WARN_DIRECT_OBJC_ISA_USAGE = YES_ERROR;
				CLANG_WARN_EMPTY_BODY = YES;
				CLANG_WARN_ENUM_CONVERSION = YES;
				CLANG_WARN_INT_CONVERSION = YES;
				CLANG_WARN_OBJC_ROOT_CLASS = YES_ERROR;
				CLANG_WARN_UNREACHABLE_CODE = YES;
				CLANG_WARN__DUPLICATE_METHOD_MATCH = YES;
				"CODE_SIGN_IDENTITY[sdk=iphoneos*]" = "iPhone Developer";
				COPY_PHASE_STRIP = NO;
				DEBUG_INFORMATION_FORMAT = "dwarf-with-dsym";
				ENABLE_NS_ASSERTIONS = NO;
				ENABLE_STRICT_OBJC_MSGSEND = YES;
				GCC_C_LANGUAGE_STANDARD = gnu99;
				GCC_NO_COMMON_BLOCKS = YES;
				GCC_WARN_64_TO_32_BIT_CONVERSION = YES;
				GCC_WARN_ABOUT_RETURN_TYPE = YES_ERROR;
				GCC_WARN_UNDECLARED_SELECTOR = YES;
				GCC_WARN_UNINITIALIZED_AUTOS = YES_AGGRESSIVE;
				GCC_WARN_UNUSED_FUNCTION = YES;
				GCC_WARN_UNUSED_VARIABLE = YES;
				IPHONEOS_DEPLOYMENT_TARGET = 9.0;
				MTL_ENABLE_DEBUG_INFO = NO;
				SDKROOT = iphoneos;
				VALIDATE_PRODUCT = YES;
			};
			name = Release;
		};
		A89361D41BC5B56C000D5217 /* Debug */ = {
			isa = XCBuildConfiguration;
			buildSettings = {
				ASSETCATALOG_COMPILER_APPICON_NAME = AppIcon;
				INFOPLIST_FILE = HallOfFrames/Info.plist;
				LD_RUNPATH_SEARCH_PATHS = "$(inherited) @executable_path/Frameworks";
				PRODUCT_BUNDLE_IDENTIFIER = mattdeuschle.HallOfFrames;
				PRODUCT_NAME = "$(TARGET_NAME)";
			};
			name = Debug;
		};
		A89361D51BC5B56C000D5217 /* Release */ = {
			isa = XCBuildConfiguration;
			buildSettings = {
				ASSETCATALOG_COMPILER_APPICON_NAME = AppIcon;
				INFOPLIST_FILE = HallOfFrames/Info.plist;
				LD_RUNPATH_SEARCH_PATHS = "$(inherited) @executable_path/Frameworks";
				PRODUCT_BUNDLE_IDENTIFIER = mattdeuschle.HallOfFrames;
				PRODUCT_NAME = "$(TARGET_NAME)";
			};
			name = Release;
		};
		A89361D71BC5B56C000D5217 /* Debug */ = {
			isa = XCBuildConfiguration;
			buildSettings = {
				INFOPLIST_FILE = HallOfFramesUITests/Info.plist;
				LD_RUNPATH_SEARCH_PATHS = "$(inherited) @executable_path/Frameworks @loader_path/Frameworks";
				PRODUCT_BUNDLE_IDENTIFIER = mattdeuschle.HallOfFramesUITests;
				PRODUCT_NAME = "$(TARGET_NAME)";
				TEST_TARGET_NAME = HallOfFrames;
				USES_XCTRUNNER = YES;
			};
			name = Debug;
		};
		A89361D81BC5B56C000D5217 /* Release */ = {
			isa = XCBuildConfiguration;
			buildSettings = {
				INFOPLIST_FILE = HallOfFramesUITests/Info.plist;
				LD_RUNPATH_SEARCH_PATHS = "$(inherited) @executable_path/Frameworks @loader_path/Frameworks";
				PRODUCT_BUNDLE_IDENTIFIER = mattdeuschle.HallOfFramesUITests;
				PRODUCT_NAME = "$(TARGET_NAME)";
				TEST_TARGET_NAME = HallOfFrames;
				USES_XCTRUNNER = YES;
			};
			name = Release;
		};
/* End XCBuildConfiguration section */

/* Begin XCConfigurationList section */
		A89361AC1BC5B56C000D5217 /* Build configuration list for PBXProject "HallOfFrames" */ = {
			isa = XCConfigurationList;
			buildConfigurations = (
				A89361D11BC5B56C000D5217 /* Debug */,
				A89361D21BC5B56C000D5217 /* Release */,
			);
			defaultConfigurationIsVisible = 0;
			defaultConfigurationName = Release;
		};
		A89361D31BC5B56C000D5217 /* Build configuration list for PBXNativeTarget "HallOfFrames" */ = {
			isa = XCConfigurationList;
			buildConfigurations = (
				A89361D41BC5B56C000D5217 /* Debug */,
				A89361D51BC5B56C000D5217 /* Release */,
			);
			defaultConfigurationIsVisible = 0;
		};
		A89361D61BC5B56C000D5217 /* Build configuration list for PBXNativeTarget "HallOfFramesUITests" */ = {
			isa = XCConfigurationList;
			buildConfigurations = (
				A89361D71BC5B56C000D5217 /* Debug */,
				A89361D81BC5B56C000D5217 /* Release */,
			);
			defaultConfigurationIsVisible = 0;
		};
/* End XCConfigurationList section */
	};
	rootObject = A89361A91BC5B56C000D5217 /* Project object */;
}
